
Microsoft Visual Studio Solution File, Format Version 12.00
# Visual Studio Version 17
VisualStudioVersion = 17.4.33122.133
MinimumVisualStudioVersion = 10.0.40219.1
Project("{FAE04EC0-301F-11D3-BF4B-00C04F79EFBC}") = "Calculator", "Calculator\Calculator.csproj", "{BB12707C-EBB2-448F-94B3-B62F011E34FC}"
EndProject
Global
	GlobalSection(SolutionConfigurationPlatforms) = preSolution
		Debug|Any CPU = Debug|Any CPU
		Release|Any CPU = Release|Any CPU
	EndGlobalSection
	GlobalSection(ProjectConfigurationPlatforms) = postSolution
		{BB12707C-EBB2-448F-94B3-B62F011E34FC}.Debug|Any CPU.ActiveCfg = Debug|Any CPU
		{BB12707C-EBB2-448F-94B3-B62F011E34FC}.Debug|Any CPU.Build.0 = Debug|Any CPU
		{BB12707C-EBB2-448F-94B3-B62F011E34FC}.Release|Any CPU.ActiveCfg = Release|Any CPU
		{BB12707C-EBB2-448F-94B3-B62F011E34FC}.Release|Any CPU.Build.0 = Release|Any CPU
	EndGlobalSection
	GlobalSection(SolutionProperties) = preSolution
		HideSolutionNode = FALSE
	EndGlobalSection
	GlobalSection(ExtensibilityGlobals) = postSolution
		SolutionGuid = {4540CCF5-4765-4ABE-9EA3-669D660A7B58}
	EndGlobalSection
EndGlobal
