
Microsoft Visual Studio Solution File, Format Version 12.00
# Visual Studio Version 17
VisualStudioVersion = 17.4.33122.133
MinimumVisualStudioVersion = 10.0.40219.1
Project("{FAE04EC0-301F-11D3-BF4B-00C04F79EFBC}") = "DayTask1", "DayTask1\DayTask1.csproj", "{9874EEFB-C8AA-4CD1-A25C-21623FB39489}"
EndProject
Global
	GlobalSection(SolutionConfigurationPlatforms) = preSolution
		Debug|Any CPU = Debug|Any CPU
		Release|Any CPU = Release|Any CPU
	EndGlobalSection
	GlobalSection(ProjectConfigurationPlatforms) = postSolution
		{9874EEFB-C8AA-4CD1-A25C-21623FB39489}.Debug|Any CPU.ActiveCfg = Debug|Any CPU
		{9874EEFB-C8AA-4CD1-A25C-21623FB39489}.Debug|Any CPU.Build.0 = Debug|Any CPU
		{9874EEFB-C8AA-4CD1-A25C-21623FB39489}.Release|Any CPU.ActiveCfg = Release|Any CPU
		{9874EEFB-C8AA-4CD1-A25C-21623FB39489}.Release|Any CPU.Build.0 = Release|Any CPU
	EndGlobalSection
	GlobalSection(SolutionProperties) = preSolution
		HideSolutionNode = FALSE
	EndGlobalSection
	GlobalSection(ExtensibilityGlobals) = postSolution
		SolutionGuid = {0999D2C7-0782-4FF3-A97B-C22CC4630CA4}
	EndGlobalSection
EndGlobal
